PODS:
  - dinsv (0.0.1):
    - Flutter
  - Flutter (1.0.0)

DEPENDENCIES:
  - dinsv (from `.symlinks/plugins/dinsv/ios`)
  - Flutter (from `Flutter`)

EXTERNAL SOURCES:
  dinsv:
    :path: ".symlinks/plugins/dinsv/ios"
  Flutter:
    :path: Flutter

SPEC CHECKSUMS:
  dinsv: aa3a61e08fe549b6947d2e124b0ec0c0b0792901
  Flutter: 50d75fe2f02b26cc09d224853bb45737f8b3214a

PODFILE CHECKSUM: 8e679eca47255a8ca8067c4c67aab20e64cb974d

COCOAPODS: 1.11.2
